
Microsoft Visual Studio Solution File, Format Version 12.00
# Visual Studio Version 17
VisualStudioVersion = 17.6.33815.320
MinimumVisualStudioVersion = 10.0.40219.1
Project("{FAE04EC0-301F-11D3-BF4B-00C04F79EFBC}") = "Student Database", "Student Database\Student Database.csproj", "{003B3E73-CAE4-4F36-9132-93B7B158488F}"
EndProject
Global
	GlobalSection(SolutionConfigurationPlatforms) = preSolution
		Debug|Any CPU = Debug|Any CPU
		Release|Any CPU = Release|Any CPU
	EndGlobalSection
	GlobalSection(ProjectConfigurationPlatforms) = postSolution
		{003B3E73-CAE4-4F36-9132-93B7B158488F}.Debug|Any CPU.ActiveCfg = Debug|Any CPU
		{003B3E73-CAE4-4F36-9132-93B7B158488F}.Debug|Any CPU.Build.0 = Debug|Any CPU
		{003B3E73-CAE4-4F36-9132-93B7B158488F}.Release|Any CPU.ActiveCfg = Release|Any CPU
		{003B3E73-CAE4-4F36-9132-93B7B158488F}.Release|Any CPU.Build.0 = Release|Any CPU
	EndGlobalSection
	GlobalSection(SolutionProperties) = preSolution
		HideSolutionNode = FALSE
	EndGlobalSection
	GlobalSection(ExtensibilityGlobals) = postSolution
		SolutionGuid = {A3D8BCE5-73E7-4461-AE23-6EF7D45F2F94}
	EndGlobalSection
EndGlobal
